
Microsoft Visual Studio Solution File, Format Version 12.00
# Visual Studio Version 17
VisualStudioVersion = 17.11.35312.102
MinimumVisualStudioVersion = 10.0.40219.1
Project("{FAE04EC0-301F-11D3-BF4B-00C04F79EFBC}") = "AAAAmESTtKACIOVA", "AAAAmESTtKACIOVA\AAAAmESTtKACIOVA.csproj", "{7363AD4D-F444-43F2-998B-62BF1CB08072}"
EndProject
Project("{FAE04EC0-301F-11D3-BF4B-00C04F79EFBC}") = "TestProject1", "TestProject1\TestProject1.csproj", "{33802F13-EEA6-4444-A59B-3F630AEE2BE4}"
EndProject
Global
	GlobalSection(SolutionConfigurationPlatforms) = preSolution
		Debug|Any CPU = Debug|Any CPU
		Release|Any CPU = Release|Any CPU
	EndGlobalSection
	GlobalSection(ProjectConfigurationPlatforms) = postSolution
		{7363AD4D-F444-43F2-998B-62BF1CB08072}.Debug|Any CPU.ActiveCfg = Debug|Any CPU
		{7363AD4D-F444-43F2-998B-62BF1CB08072}.Debug|Any CPU.Build.0 = Debug|Any CPU
		{7363AD4D-F444-43F2-998B-62BF1CB08072}.Release|Any CPU.ActiveCfg = Release|Any CPU
		{7363AD4D-F444-43F2-998B-62BF1CB08072}.Release|Any CPU.Build.0 = Release|Any CPU
		{33802F13-EEA6-4444-A59B-3F630AEE2BE4}.Debug|Any CPU.ActiveCfg = Debug|Any CPU
		{33802F13-EEA6-4444-A59B-3F630AEE2BE4}.Debug|Any CPU.Build.0 = Debug|Any CPU
		{33802F13-EEA6-4444-A59B-3F630AEE2BE4}.Release|Any CPU.ActiveCfg = Release|Any CPU
		{33802F13-EEA6-4444-A59B-3F630AEE2BE4}.Release|Any CPU.Build.0 = Release|Any CPU
	EndGlobalSection
	GlobalSection(SolutionProperties) = preSolution
		HideSolutionNode = FALSE
	EndGlobalSection
	GlobalSection(ExtensibilityGlobals) = postSolution
		SolutionGuid = {939AD2CB-BA0A-415E-8CFB-089EBD0163AF}
	EndGlobalSection
EndGlobal
